// !$*UTF8*$!
{
	archiveVersion = 1;
	classes = {
	};
	objectVersion = 51;
	objects = {

/* Begin PBXBuildFile section */
		2B164B492695A988007F0F4A /* SettingVC.swift in Sources */ = {isa = PBXBuildFile; fileRef = 2B164B482695A988007F0F4A /* SettingVC.swift */; };
		2B164B4F2695AA77007F0F4A /* Setting.storyboard in Resources */ = {isa = PBXBuildFile; fileRef = 2B164B4E2695AA77007F0F4A /* Setting.storyboard */; };
		2B164B542695DCC9007F0F4A /* SettingTVC.swift in Sources */ = {isa = PBXBuildFile; fileRef = 2B164B522695DCC9007F0F4A /* SettingTVC.swift */; };
		2B164B552695DCC9007F0F4A /* SettingTVC.xib in Resources */ = {isa = PBXBuildFile; fileRef = 2B164B532695DCC9007F0F4A /* SettingTVC.xib */; };
		2B3654E12691ACBC002C2C5C /* CharacterCVC.swift in Sources */ = {isa = PBXBuildFile; fileRef = 2B3654DF2691ACBC002C2C5C /* CharacterCVC.swift */; };
		2B3654E22691ACBC002C2C5C /* CharacterCVC.xib in Resources */ = {isa = PBXBuildFile; fileRef = 2B3654E02691ACBC002C2C5C /* CharacterCVC.xib */; };
		2B3654EB2691C4D7002C2C5C /* PageControl.swift in Sources */ = {isa = PBXBuildFile; fileRef = 2B3654EA2691C4D7002C2C5C /* PageControl.swift */; };
		2B3654EF2691D6D9002C2C5C /* mainReportView.swift in Sources */ = {isa = PBXBuildFile; fileRef = 2B3654EE2691D6D9002C2C5C /* mainReportView.swift */; };
		2BDC1AB026942973008381C3 /* MainCardVC.swift in Sources */ = {isa = PBXBuildFile; fileRef = 2BDC1AAF26942973008381C3 /* MainCardVC.swift */; };
		2BDC1ABB26946882008381C3 /* MainCardCVC.swift in Sources */ = {isa = PBXBuildFile; fileRef = 2BDC1AB926946882008381C3 /* MainCardCVC.swift */; };
		2BDC1ABC26946882008381C3 /* MainCardCVC.xib in Resources */ = {isa = PBXBuildFile; fileRef = 2BDC1ABA26946882008381C3 /* MainCardCVC.xib */; };
		5B08504D26919416008F40B2 /* NavigationBar.swift in Sources */ = {isa = PBXBuildFile; fileRef = 5B08504C26919416008F40B2 /* NavigationBar.swift */; };
		5B08505C26919C0B008F40B2 /* CharacterUpperView.swift in Sources */ = {isa = PBXBuildFile; fileRef = 5B08505B26919C0B008F40B2 /* CharacterUpperView.swift */; };
		5B0850602691A126008F40B2 /* CharacterTVC.swift in Sources */ = {isa = PBXBuildFile; fileRef = 5B08505F2691A126008F40B2 /* CharacterTVC.swift */; };
		5B0850642691A1A4008F40B2 /* CharacterHeaderView.swift in Sources */ = {isa = PBXBuildFile; fileRef = 5B0850632691A1A4008F40B2 /* CharacterHeaderView.swift */; };
		5B0850682691A659008F40B2 /* CharacterReportTVC.swift in Sources */ = {isa = PBXBuildFile; fileRef = 5B0850672691A659008F40B2 /* CharacterReportTVC.swift */; };
		5B447CB7269426AB00F79AB7 /* MoreMenuView.swift in Sources */ = {isa = PBXBuildFile; fileRef = 5B447CB6269426AB00F79AB7 /* MoreMenuView.swift */; };
		5B447CBD2694D3D100F79AB7 /* CharacterPopupView.swift in Sources */ = {isa = PBXBuildFile; fileRef = 5B447CBC2694D3D100F79AB7 /* CharacterPopupView.swift */; };
		5B447CC526956DDB00F79AB7 /* CharacterPopupVC.swift in Sources */ = {isa = PBXBuildFile; fileRef = 5B447CC426956DDB00F79AB7 /* CharacterPopupVC.swift */; };
		5B447CCB2695A52F00F79AB7 /* AddActionVC.swift in Sources */ = {isa = PBXBuildFile; fileRef = 5B447CCA2695A52E00F79AB7 /* AddActionVC.swift */; };
		5B447CDA269628D900F79AB7 /* Activity.swift in Sources */ = {isa = PBXBuildFile; fileRef = 5B447CD9269628D900F79AB7 /* Activity.swift */; };
		5B447CDE2697036C00F79AB7 /* CharacterFirstTVC.swift in Sources */ = {isa = PBXBuildFile; fileRef = 5B447CDD2697036C00F79AB7 /* CharacterFirstTVC.swift */; };
		5B447CEF2697146800F79AB7 /* CharacterFooterView.swift in Sources */ = {isa = PBXBuildFile; fileRef = 5B447CEE2697146700F79AB7 /* CharacterFooterView.swift */; };
		5B447CF9269814BC00F79AB7 /* CharacterBottomSheetVC.swift in Sources */ = {isa = PBXBuildFile; fileRef = 5B447CF8269814BB00F79AB7 /* CharacterBottomSheetVC.swift */; };
		7F1C995CA6C0BE2CAB6A7210 /* Pods_CatchMe.framework in Frameworks */ = {isa = PBXBuildFile; fileRef = BB4445868E9E1388C569074A /* Pods_CatchMe.framework */; };
		ED63E880268A14E5000F058F /* AppDelegate.swift in Sources */ = {isa = PBXBuildFile; fileRef = ED63E87F268A14E5000F058F /* AppDelegate.swift */; };
		ED63E882268A14E5000F058F /* SceneDelegate.swift in Sources */ = {isa = PBXBuildFile; fileRef = ED63E881268A14E5000F058F /* SceneDelegate.swift */; };
		ED63E889268A14E7000F058F /* Assets.xcassets in Resources */ = {isa = PBXBuildFile; fileRef = ED63E888268A14E7000F058F /* Assets.xcassets */; };
		ED63E88C268A14E7000F058F /* LaunchScreen.storyboard in Resources */ = {isa = PBXBuildFile; fileRef = ED63E88A268A14E7000F058F /* LaunchScreen.storyboard */; };
		EDB431B226958D1F0008BFB4 /* FirstFlowView.swift in Sources */ = {isa = PBXBuildFile; fileRef = EDB431B126958D1F0008BFB4 /* FirstFlowView.swift */; };
		EDB431B72695BA9F0008BFB4 /* CarouselCVC.swift in Sources */ = {isa = PBXBuildFile; fileRef = EDB431B62695BA9F0008BFB4 /* CarouselCVC.swift */; };
		EDB431BB2695F9200008BFB4 /* SecondFlowView.swift in Sources */ = {isa = PBXBuildFile; fileRef = EDB431BA2695F9200008BFB4 /* SecondFlowView.swift */; };
		EDB431BD269603210008BFB4 /* CustomTextField.swift in Sources */ = {isa = PBXBuildFile; fileRef = EDB431BC269603210008BFB4 /* CustomTextField.swift */; };
		EDB431BF2696325E0008BFB4 /* ThirdFlowView.swift in Sources */ = {isa = PBXBuildFile; fileRef = EDB431BE2696325E0008BFB4 /* ThirdFlowView.swift */; };
		EDBBFCCB26930C4600443077 /* TitleView.swift in Sources */ = {isa = PBXBuildFile; fileRef = EDBBFCCA26930C4600443077 /* TitleView.swift */; };
		EDBBFCCD2693155F00443077 /* CharacterView.swift in Sources */ = {isa = PBXBuildFile; fileRef = EDBBFCCC2693155F00443077 /* CharacterView.swift */; };
		EDBBFCCF26934AC300443077 /* CalendarTitleView.swift in Sources */ = {isa = PBXBuildFile; fileRef = EDBBFCCE26934AC300443077 /* CalendarTitleView.swift */; };
		EDBBFCD226936F4600443077 /* CalendarCVC.swift in Sources */ = {isa = PBXBuildFile; fileRef = EDBBFCD126936F4600443077 /* CalendarCVC.swift */; };
		EDBBFCD4269394EE00443077 /* UIColor+Extension.swift in Sources */ = {isa = PBXBuildFile; fileRef = EDBBFCD3269394EE00443077 /* UIColor+Extension.swift */; };
		EDBBFCDB2693981D00443077 /* SpoqaHanSansNeo-Medium.otf in Resources */ = {isa = PBXBuildFile; fileRef = EDBBFCD52693981C00443077 /* SpoqaHanSansNeo-Medium.otf */; };
		EDBBFCDC2693981D00443077 /* SpoqaHanSansNeo-Regular.otf in Resources */ = {isa = PBXBuildFile; fileRef = EDBBFCD62693981C00443077 /* SpoqaHanSansNeo-Regular.otf */; };
		EDBBFCDD2693981D00443077 /* SpoqaHanSansNeo-Bold.otf in Resources */ = {isa = PBXBuildFile; fileRef = EDBBFCD72693981D00443077 /* SpoqaHanSansNeo-Bold.otf */; };
		EDBBFCDE2693981D00443077 /* NanumSquareRoundOTFEB.otf in Resources */ = {isa = PBXBuildFile; fileRef = EDBBFCD82693981D00443077 /* NanumSquareRoundOTFEB.otf */; };
		EDBBFCDF2693981D00443077 /* DINPro-Medium.otf in Resources */ = {isa = PBXBuildFile; fileRef = EDBBFCD92693981D00443077 /* DINPro-Medium.otf */; };
		EDBBFCE02693981D00443077 /* DINPro-Regular.otf in Resources */ = {isa = PBXBuildFile; fileRef = EDBBFCDA2693981D00443077 /* DINPro-Regular.otf */; };
		EDBBFCE32693996F00443077 /* UIFont+Extension.swift in Sources */ = {isa = PBXBuildFile; fileRef = EDBBFCE22693996F00443077 /* UIFont+Extension.swift */; };
		EDBDC7FF2694444300CDF1B2 /* ReportPopupVC.swift in Sources */ = {isa = PBXBuildFile; fileRef = EDBDC7FE2694444300CDF1B2 /* ReportPopupVC.swift */; };
		EDBDC8012694481A00CDF1B2 /* PopupView.swift in Sources */ = {isa = PBXBuildFile; fileRef = EDBDC8002694481A00CDF1B2 /* PopupView.swift */; };
		EDBDC803269456A800CDF1B2 /* CatchuCVC.swift in Sources */ = {isa = PBXBuildFile; fileRef = EDBDC802269456A800CDF1B2 /* CatchuCVC.swift */; };
		EDBDC8052694B70C00CDF1B2 /* AddCatchuVC.swift in Sources */ = {isa = PBXBuildFile; fileRef = EDBDC8042694B70C00CDF1B2 /* AddCatchuVC.swift */; };
		EDBDC8082695816100CDF1B2 /* AddCatchuPageControl.swift in Sources */ = {isa = PBXBuildFile; fileRef = EDBDC8072695816100CDF1B2 /* AddCatchuPageControl.swift */; };
		EDBDC80A269585F800CDF1B2 /* CatchuTitleView.swift in Sources */ = {isa = PBXBuildFile; fileRef = EDBDC809269585F800CDF1B2 /* CatchuTitleView.swift */; };
		EDC3780C2691D3CC007C53F2 /* ReportView.swift in Sources */ = {isa = PBXBuildFile; fileRef = EDC3780B2691D3CC007C53F2 /* ReportView.swift */; };
		EDD12C94268EAD1F00DF766A /* BackButton.swift in Sources */ = {isa = PBXBuildFile; fileRef = EDD12C93268EAD1F00DF766A /* BackButton.swift */; };
		EDD12C96268EB16800DF766A /* XmarkButton.swift in Sources */ = {isa = PBXBuildFile; fileRef = EDD12C95268EB16800DF766A /* XmarkButton.swift */; };
		EDD12C98268EB27500DF766A /* BottomButton.swift in Sources */ = {isa = PBXBuildFile; fileRef = EDD12C97268EB27500DF766A /* BottomButton.swift */; };
		EDD12C9C268EB6E900DF766A /* Main.storyboard in Resources */ = {isa = PBXBuildFile; fileRef = EDD12C9B268EB6E900DF766A /* Main.storyboard */; };
		EDD12C9E268EB71000DF766A /* MainVC.swift in Sources */ = {isa = PBXBuildFile; fileRef = EDD12C9D268EB71000DF766A /* MainVC.swift */; };
		EDD12CA2268EB7C700DF766A /* Character.storyboard in Resources */ = {isa = PBXBuildFile; fileRef = EDD12CA1268EB7C700DF766A /* Character.storyboard */; };
		EDD12CA4268EB80300DF766A /* CharacterVC.swift in Sources */ = {isa = PBXBuildFile; fileRef = EDD12CA3268EB80300DF766A /* CharacterVC.swift */; };
		EDD12CA6268EB82B00DF766A /* Report.storyboard in Resources */ = {isa = PBXBuildFile; fileRef = EDD12CA5268EB82B00DF766A /* Report.storyboard */; };
		EDD12CA8268EB84C00DF766A /* ReportVC.swift in Sources */ = {isa = PBXBuildFile; fileRef = EDD12CA7268EB84C00DF766A /* ReportVC.swift */; };
		EDD12CAA268EBCA000DF766A /* UIView+Extension.swift in Sources */ = {isa = PBXBuildFile; fileRef = EDD12CA9268EBCA000DF766A /* UIView+Extension.swift */; };
		EDD12CAC268EBD2200DF766A /* UIViewController+Extension.swift in Sources */ = {isa = PBXBuildFile; fileRef = EDD12CAB268EBD2200DF766A /* UIViewController+Extension.swift */; };
		EDD12CAE268EBDE400DF766A /* UIScreen+Extension.swift in Sources */ = {isa = PBXBuildFile; fileRef = EDD12CAD268EBDE400DF766A /* UIScreen+Extension.swift */; };
		EDD12CB0268EBE1600DF766A /* UITextField+Extension.swift in Sources */ = {isa = PBXBuildFile; fileRef = EDD12CAF268EBE1600DF766A /* UITextField+Extension.swift */; };
		EDD12CB2268EBE4E00DF766A /* UICollectionView+Extension.swift in Sources */ = {isa = PBXBuildFile; fileRef = EDD12CB1268EBE4E00DF766A /* UICollectionView+Extension.swift */; };
		EDD12CB4268EBE6D00DF766A /* UITableView+Extension.swift in Sources */ = {isa = PBXBuildFile; fileRef = EDD12CB3268EBE6D00DF766A /* UITableView+Extension.swift */; };
		EDF1AD28268C608E00606006 /* CatchMeTests.swift in Sources */ = {isa = PBXBuildFile; fileRef = EDF1AD27268C608E00606006 /* CatchMeTests.swift */; };
/* End PBXBuildFile section */

/* Begin PBXContainerItemProxy section */
		EDF1AD2A268C608E00606006 /* PBXContainerItemProxy */ = {
			isa = PBXContainerItemProxy;
			containerPortal = ED63E874268A14E5000F058F /* Project object */;
			proxyType = 1;
			remoteGlobalIDString = ED63E87B268A14E5000F058F;
			remoteInfo = CatchMe;
		};
/* End PBXContainerItemProxy section */

/* Begin PBXFileReference section */
		25682843B06F2C59630B0964 /* Pods-CatchMe.release.xcconfig */ = {isa = PBXFileReference; includeInIndex = 1; lastKnownFileType = text.xcconfig; name = "Pods-CatchMe.release.xcconfig"; path = "Target Support Files/Pods-CatchMe/Pods-CatchMe.release.xcconfig"; sourceTree = "<group>"; };
		2B164B482695A988007F0F4A /* SettingVC.swift */ = {isa = PBXFileReference; lastKnownFileType = sourcecode.swift; path = SettingVC.swift; sourceTree = "<group>"; };
		2B164B4E2695AA77007F0F4A /* Setting.storyboard */ = {isa = PBXFileReference; lastKnownFileType = file.storyboard; path = Setting.storyboard; sourceTree = "<group>"; };
		2B164B522695DCC9007F0F4A /* SettingTVC.swift */ = {isa = PBXFileReference; lastKnownFileType = sourcecode.swift; path = SettingTVC.swift; sourceTree = "<group>"; };
		2B164B532695DCC9007F0F4A /* SettingTVC.xib */ = {isa = PBXFileReference; lastKnownFileType = file.xib; path = SettingTVC.xib; sourceTree = "<group>"; };
		2B3654DF2691ACBC002C2C5C /* CharacterCVC.swift */ = {isa = PBXFileReference; lastKnownFileType = sourcecode.swift; path = CharacterCVC.swift; sourceTree = "<group>"; };
		2B3654E02691ACBC002C2C5C /* CharacterCVC.xib */ = {isa = PBXFileReference; lastKnownFileType = file.xib; path = CharacterCVC.xib; sourceTree = "<group>"; };
		2B3654EA2691C4D7002C2C5C /* PageControl.swift */ = {isa = PBXFileReference; lastKnownFileType = sourcecode.swift; path = PageControl.swift; sourceTree = "<group>"; };
		2B3654EE2691D6D9002C2C5C /* mainReportView.swift */ = {isa = PBXFileReference; lastKnownFileType = sourcecode.swift; path = mainReportView.swift; sourceTree = "<group>"; };
		2BDC1AAF26942973008381C3 /* MainCardVC.swift */ = {isa = PBXFileReference; lastKnownFileType = sourcecode.swift; path = MainCardVC.swift; sourceTree = "<group>"; };
		2BDC1AB926946882008381C3 /* MainCardCVC.swift */ = {isa = PBXFileReference; lastKnownFileType = sourcecode.swift; path = MainCardCVC.swift; sourceTree = "<group>"; };
		2BDC1ABA26946882008381C3 /* MainCardCVC.xib */ = {isa = PBXFileReference; lastKnownFileType = file.xib; path = MainCardCVC.xib; sourceTree = "<group>"; };
		5B08504C26919416008F40B2 /* NavigationBar.swift */ = {isa = PBXFileReference; lastKnownFileType = sourcecode.swift; path = NavigationBar.swift; sourceTree = "<group>"; };
		5B08505B26919C0B008F40B2 /* CharacterUpperView.swift */ = {isa = PBXFileReference; lastKnownFileType = sourcecode.swift; path = CharacterUpperView.swift; sourceTree = "<group>"; };
		5B08505F2691A126008F40B2 /* CharacterTVC.swift */ = {isa = PBXFileReference; lastKnownFileType = sourcecode.swift; name = CharacterTVC.swift; path = CatchMe/Source/Cells/Character/CharacterTVC.swift; sourceTree = SOURCE_ROOT; };
		5B0850632691A1A4008F40B2 /* CharacterHeaderView.swift */ = {isa = PBXFileReference; lastKnownFileType = sourcecode.swift; path = CharacterHeaderView.swift; sourceTree = "<group>"; };
		5B0850672691A659008F40B2 /* CharacterReportTVC.swift */ = {isa = PBXFileReference; lastKnownFileType = sourcecode.swift; name = CharacterReportTVC.swift; path = CatchMe/Source/Cells/Character/CharacterReportTVC.swift; sourceTree = SOURCE_ROOT; };
		5B447CB6269426AB00F79AB7 /* MoreMenuView.swift */ = {isa = PBXFileReference; lastKnownFileType = sourcecode.swift; path = MoreMenuView.swift; sourceTree = "<group>"; };
		5B447CBC2694D3D100F79AB7 /* CharacterPopupView.swift */ = {isa = PBXFileReference; lastKnownFileType = sourcecode.swift; path = CharacterPopupView.swift; sourceTree = "<group>"; };
		5B447CC426956DDB00F79AB7 /* CharacterPopupVC.swift */ = {isa = PBXFileReference; lastKnownFileType = sourcecode.swift; path = CharacterPopupVC.swift; sourceTree = "<group>"; };
		5B447CCA2695A52E00F79AB7 /* AddActionVC.swift */ = {isa = PBXFileReference; lastKnownFileType = sourcecode.swift; path = AddActionVC.swift; sourceTree = "<group>"; };
		5B447CD9269628D900F79AB7 /* Activity.swift */ = {isa = PBXFileReference; lastKnownFileType = sourcecode.swift; path = Activity.swift; sourceTree = "<group>"; };
		5B447CDD2697036C00F79AB7 /* CharacterFirstTVC.swift */ = {isa = PBXFileReference; lastKnownFileType = sourcecode.swift; path = CharacterFirstTVC.swift; sourceTree = "<group>"; };
		5B447CEE2697146700F79AB7 /* CharacterFooterView.swift */ = {isa = PBXFileReference; lastKnownFileType = sourcecode.swift; path = CharacterFooterView.swift; sourceTree = "<group>"; };
		5B447CF8269814BB00F79AB7 /* CharacterBottomSheetVC.swift */ = {isa = PBXFileReference; lastKnownFileType = sourcecode.swift; path = CharacterBottomSheetVC.swift; sourceTree = "<group>"; };
		BB4445868E9E1388C569074A /* Pods_CatchMe.framework */ = {isa = PBXFileReference; explicitFileType = wrapper.framework; includeInIndex = 0; path = Pods_CatchMe.framework; sourceTree = BUILT_PRODUCTS_DIR; };
		ED63E87C268A14E5000F058F /* CatchMe.app */ = {isa = PBXFileReference; explicitFileType = wrapper.application; includeInIndex = 0; path = CatchMe.app; sourceTree = BUILT_PRODUCTS_DIR; };
		ED63E87F268A14E5000F058F /* AppDelegate.swift */ = {isa = PBXFileReference; lastKnownFileType = sourcecode.swift; path = AppDelegate.swift; sourceTree = "<group>"; };
		ED63E881268A14E5000F058F /* SceneDelegate.swift */ = {isa = PBXFileReference; lastKnownFileType = sourcecode.swift; path = SceneDelegate.swift; sourceTree = "<group>"; };
		ED63E888268A14E7000F058F /* Assets.xcassets */ = {isa = PBXFileReference; lastKnownFileType = folder.assetcatalog; path = Assets.xcassets; sourceTree = "<group>"; };
		ED63E88B268A14E7000F058F /* Base */ = {isa = PBXFileReference; lastKnownFileType = file.storyboard; name = Base; path = Base.lproj/LaunchScreen.storyboard; sourceTree = "<group>"; };
		ED63E88D268A14E7000F058F /* Info.plist */ = {isa = PBXFileReference; lastKnownFileType = text.plist.xml; path = Info.plist; sourceTree = "<group>"; };
		EDB431B126958D1F0008BFB4 /* FirstFlowView.swift */ = {isa = PBXFileReference; lastKnownFileType = sourcecode.swift; path = FirstFlowView.swift; sourceTree = "<group>"; };
		EDB431B62695BA9F0008BFB4 /* CarouselCVC.swift */ = {isa = PBXFileReference; lastKnownFileType = sourcecode.swift; path = CarouselCVC.swift; sourceTree = "<group>"; };
		EDB431BA2695F9200008BFB4 /* SecondFlowView.swift */ = {isa = PBXFileReference; lastKnownFileType = sourcecode.swift; path = SecondFlowView.swift; sourceTree = "<group>"; };
		EDB431BC269603210008BFB4 /* CustomTextField.swift */ = {isa = PBXFileReference; lastKnownFileType = sourcecode.swift; path = CustomTextField.swift; sourceTree = "<group>"; };
		EDB431BE2696325E0008BFB4 /* ThirdFlowView.swift */ = {isa = PBXFileReference; lastKnownFileType = sourcecode.swift; path = ThirdFlowView.swift; sourceTree = "<group>"; };
		EDBBFCCA26930C4600443077 /* TitleView.swift */ = {isa = PBXFileReference; lastKnownFileType = sourcecode.swift; path = TitleView.swift; sourceTree = "<group>"; };
		EDBBFCCC2693155F00443077 /* CharacterView.swift */ = {isa = PBXFileReference; lastKnownFileType = sourcecode.swift; path = CharacterView.swift; sourceTree = "<group>"; };
		EDBBFCCE26934AC300443077 /* CalendarTitleView.swift */ = {isa = PBXFileReference; lastKnownFileType = sourcecode.swift; path = CalendarTitleView.swift; sourceTree = "<group>"; };
		EDBBFCD126936F4600443077 /* CalendarCVC.swift */ = {isa = PBXFileReference; lastKnownFileType = sourcecode.swift; path = CalendarCVC.swift; sourceTree = "<group>"; };
		EDBBFCD3269394EE00443077 /* UIColor+Extension.swift */ = {isa = PBXFileReference; lastKnownFileType = sourcecode.swift; path = "UIColor+Extension.swift"; sourceTree = "<group>"; };
		EDBBFCD52693981C00443077 /* SpoqaHanSansNeo-Medium.otf */ = {isa = PBXFileReference; lastKnownFileType = file; path = "SpoqaHanSansNeo-Medium.otf"; sourceTree = "<group>"; };
		EDBBFCD62693981C00443077 /* SpoqaHanSansNeo-Regular.otf */ = {isa = PBXFileReference; lastKnownFileType = file; path = "SpoqaHanSansNeo-Regular.otf"; sourceTree = "<group>"; };
		EDBBFCD72693981D00443077 /* SpoqaHanSansNeo-Bold.otf */ = {isa = PBXFileReference; lastKnownFileType = file; path = "SpoqaHanSansNeo-Bold.otf"; sourceTree = "<group>"; };
		EDBBFCD82693981D00443077 /* NanumSquareRoundOTFEB.otf */ = {isa = PBXFileReference; lastKnownFileType = file; path = NanumSquareRoundOTFEB.otf; sourceTree = "<group>"; };
		EDBBFCD92693981D00443077 /* DINPro-Medium.otf */ = {isa = PBXFileReference; lastKnownFileType = file; path = "DINPro-Medium.otf"; sourceTree = "<group>"; };
		EDBBFCDA2693981D00443077 /* DINPro-Regular.otf */ = {isa = PBXFileReference; lastKnownFileType = file; path = "DINPro-Regular.otf"; sourceTree = "<group>"; };
		EDBBFCE22693996F00443077 /* UIFont+Extension.swift */ = {isa = PBXFileReference; lastKnownFileType = sourcecode.swift; path = "UIFont+Extension.swift"; sourceTree = "<group>"; };
		EDBDC7FE2694444300CDF1B2 /* ReportPopupVC.swift */ = {isa = PBXFileReference; lastKnownFileType = sourcecode.swift; path = ReportPopupVC.swift; sourceTree = "<group>"; };
		EDBDC8002694481A00CDF1B2 /* PopupView.swift */ = {isa = PBXFileReference; lastKnownFileType = sourcecode.swift; path = PopupView.swift; sourceTree = "<group>"; };
		EDBDC802269456A800CDF1B2 /* CatchuCVC.swift */ = {isa = PBXFileReference; lastKnownFileType = sourcecode.swift; path = CatchuCVC.swift; sourceTree = "<group>"; };
		EDBDC8042694B70C00CDF1B2 /* AddCatchuVC.swift */ = {isa = PBXFileReference; lastKnownFileType = sourcecode.swift; path = AddCatchuVC.swift; sourceTree = "<group>"; };
		EDBDC8072695816100CDF1B2 /* AddCatchuPageControl.swift */ = {isa = PBXFileReference; lastKnownFileType = sourcecode.swift; path = AddCatchuPageControl.swift; sourceTree = "<group>"; };
		EDBDC809269585F800CDF1B2 /* CatchuTitleView.swift */ = {isa = PBXFileReference; lastKnownFileType = sourcecode.swift; path = CatchuTitleView.swift; sourceTree = "<group>"; };
		EDC3780B2691D3CC007C53F2 /* ReportView.swift */ = {isa = PBXFileReference; lastKnownFileType = sourcecode.swift; path = ReportView.swift; sourceTree = "<group>"; };
		EDD12C93268EAD1F00DF766A /* BackButton.swift */ = {isa = PBXFileReference; lastKnownFileType = sourcecode.swift; path = BackButton.swift; sourceTree = "<group>"; };
		EDD12C95268EB16800DF766A /* XmarkButton.swift */ = {isa = PBXFileReference; lastKnownFileType = sourcecode.swift; path = XmarkButton.swift; sourceTree = "<group>"; };
		EDD12C97268EB27500DF766A /* BottomButton.swift */ = {isa = PBXFileReference; lastKnownFileType = sourcecode.swift; path = BottomButton.swift; sourceTree = "<group>"; };
		EDD12C9B268EB6E900DF766A /* Main.storyboard */ = {isa = PBXFileReference; lastKnownFileType = file.storyboard; path = Main.storyboard; sourceTree = "<group>"; };
		EDD12C9D268EB71000DF766A /* MainVC.swift */ = {isa = PBXFileReference; lastKnownFileType = sourcecode.swift; path = MainVC.swift; sourceTree = "<group>"; };
		EDD12CA1268EB7C700DF766A /* Character.storyboard */ = {isa = PBXFileReference; lastKnownFileType = file.storyboard; path = Character.storyboard; sourceTree = "<group>"; };
		EDD12CA3268EB80300DF766A /* CharacterVC.swift */ = {isa = PBXFileReference; lastKnownFileType = sourcecode.swift; path = CharacterVC.swift; sourceTree = "<group>"; };
		EDD12CA5268EB82B00DF766A /* Report.storyboard */ = {isa = PBXFileReference; lastKnownFileType = file.storyboard; path = Report.storyboard; sourceTree = "<group>"; };
		EDD12CA7268EB84C00DF766A /* ReportVC.swift */ = {isa = PBXFileReference; lastKnownFileType = sourcecode.swift; path = ReportVC.swift; sourceTree = "<group>"; };
		EDD12CA9268EBCA000DF766A /* UIView+Extension.swift */ = {isa = PBXFileReference; lastKnownFileType = sourcecode.swift; path = "UIView+Extension.swift"; sourceTree = "<group>"; };
		EDD12CAB268EBD2200DF766A /* UIViewController+Extension.swift */ = {isa = PBXFileReference; lastKnownFileType = sourcecode.swift; path = "UIViewController+Extension.swift"; sourceTree = "<group>"; };
		EDD12CAD268EBDE400DF766A /* UIScreen+Extension.swift */ = {isa = PBXFileReference; lastKnownFileType = sourcecode.swift; path = "UIScreen+Extension.swift"; sourceTree = "<group>"; };
		EDD12CAF268EBE1600DF766A /* UITextField+Extension.swift */ = {isa = PBXFileReference; lastKnownFileType = sourcecode.swift; path = "UITextField+Extension.swift"; sourceTree = "<group>"; };
		EDD12CB1268EBE4E00DF766A /* UICollectionView+Extension.swift */ = {isa = PBXFileReference; lastKnownFileType = sourcecode.swift; path = "UICollectionView+Extension.swift"; sourceTree = "<group>"; };
		EDD12CB3268EBE6D00DF766A /* UITableView+Extension.swift */ = {isa = PBXFileReference; lastKnownFileType = sourcecode.swift; path = "UITableView+Extension.swift"; sourceTree = "<group>"; };
		EDF1AD25268C608E00606006 /* CatchMeTests.xctest */ = {isa = PBXFileReference; explicitFileType = wrapper.cfbundle; includeInIndex = 0; path = CatchMeTests.xctest; sourceTree = BUILT_PRODUCTS_DIR; };
		EDF1AD27268C608E00606006 /* CatchMeTests.swift */ = {isa = PBXFileReference; lastKnownFileType = sourcecode.swift; path = CatchMeTests.swift; sourceTree = "<group>"; };
		EDF1AD29268C608E00606006 /* Info.plist */ = {isa = PBXFileReference; lastKnownFileType = text.plist.xml; path = Info.plist; sourceTree = "<group>"; };
		FA81EEA78BCF660FE64D2B45 /* Pods-CatchMe.debug.xcconfig */ = {isa = PBXFileReference; includeInIndex = 1; lastKnownFileType = text.xcconfig; name = "Pods-CatchMe.debug.xcconfig"; path = "Target Support Files/Pods-CatchMe/Pods-CatchMe.debug.xcconfig"; sourceTree = "<group>"; };
/* End PBXFileReference section */

/* Begin PBXFrameworksBuildPhase section */
		ED63E879268A14E5000F058F /* Frameworks */ = {
			isa = PBXFrameworksBuildPhase;
			buildActionMask = 2147483647;
			files = (
				7F1C995CA6C0BE2CAB6A7210 /* Pods_CatchMe.framework in Frameworks */,
			);
			runOnlyForDeploymentPostprocessing = 0;
		};
		EDF1AD22268C608E00606006 /* Frameworks */ = {
			isa = PBXFrameworksBuildPhase;
			buildActionMask = 2147483647;
			files = (
			);
			runOnlyForDeploymentPostprocessing = 0;
		};
/* End PBXFrameworksBuildPhase section */

/* Begin PBXGroup section */
		2020FF0DCEB842A2ADB2317F /* Pods */ = {
			isa = PBXGroup;
			children = (
				FA81EEA78BCF660FE64D2B45 /* Pods-CatchMe.debug.xcconfig */,
				25682843B06F2C59630B0964 /* Pods-CatchMe.release.xcconfig */,
			);
			path = Pods;
			sourceTree = "<group>";
		};
		2B164B4C2695A99F007F0F4A /* Setting */ = {
			isa = PBXGroup;
			children = (
				2B164B522695DCC9007F0F4A /* SettingTVC.swift */,
			);
			path = Setting;
			sourceTree = "<group>";
		};
		2B164B4D2695AA31007F0F4A /* Setting */ = {
			isa = PBXGroup;
			children = (
			);
			path = Setting;
			sourceTree = "<group>";
		};
		2B164B582695DCD6007F0F4A /* Setting */ = {
			isa = PBXGroup;
			children = (
				2B164B532695DCC9007F0F4A /* SettingTVC.xib */,
			);
			path = Setting;
			sourceTree = "<group>";
		};
		2B3654DE2691ABF6002C2C5C /* Main */ = {
			isa = PBXGroup;
			children = (
				2B3654DF2691ACBC002C2C5C /* CharacterCVC.swift */,
			);
			path = Main;
			sourceTree = "<group>";
		};
		2B3654E72691ACCD002C2C5C /* Main */ = {
			isa = PBXGroup;
			children = (
				2B3654E02691ACBC002C2C5C /* CharacterCVC.xib */,
			);
			path = Main;
			sourceTree = "<group>";
		};
		2B3654F22691DFD3002C2C5C /* Main */ = {
			isa = PBXGroup;
			children = (
				2B3654EA2691C4D7002C2C5C /* PageControl.swift */,
				2B3654EE2691D6D9002C2C5C /* mainReportView.swift */,
			);
			path = Main;
			sourceTree = "<group>";
		};
		2BDC1AB7269466AA008381C3 /* MainCard */ = {
			isa = PBXGroup;
			children = (
				2BDC1AB926946882008381C3 /* MainCardCVC.swift */,
			);
			path = MainCard;
			sourceTree = "<group>";
		};
		2BDC1AB8269467E9008381C3 /* MainCard */ = {
			isa = PBXGroup;
			children = (
				2BDC1ABA26946882008381C3 /* MainCardCVC.xib */,
			);
			path = MainCard;
			sourceTree = "<group>";
		};
		45BC39069B9E59892752ABEF /* Frameworks */ = {
			isa = PBXGroup;
			children = (
				BB4445868E9E1388C569074A /* Pods_CatchMe.framework */,
			);
			name = Frameworks;
			sourceTree = "<group>";
		};
		5B08506D2691DFB1008F40B2 /* Character */ = {
			isa = PBXGroup;
			children = (
				5B0850672691A659008F40B2 /* CharacterReportTVC.swift */,
				5B447CDD2697036C00F79AB7 /* CharacterFirstTVC.swift */,
				5B08505F2691A126008F40B2 /* CharacterTVC.swift */,
			);
			path = Character;
			sourceTree = "<group>";
		};
		5B08506E2691DFC4008F40B2 /* Character */ = {
			isa = PBXGroup;
			children = (
				5B08504C26919416008F40B2 /* NavigationBar.swift */,
				5B08505B26919C0B008F40B2 /* CharacterUpperView.swift */,
				5B0850632691A1A4008F40B2 /* CharacterHeaderView.swift */,
				5B447CEE2697146700F79AB7 /* CharacterFooterView.swift */,
				5B447CB6269426AB00F79AB7 /* MoreMenuView.swift */,
				5B447CBC2694D3D100F79AB7 /* CharacterPopupView.swift */,
			);
			path = Character;
			sourceTree = "<group>";
		};
		5B447CD226961D6400F79AB7 /* Character */ = {
			isa = PBXGroup;
			children = (
				5B447CD9269628D900F79AB7 /* Activity.swift */,
			);
			path = Character;
			sourceTree = "<group>";
		};
		ED63E873268A14E5000F058F = {
			isa = PBXGroup;
			children = (
				ED63E87E268A14E5000F058F /* CatchMe */,
				EDF1AD26268C608E00606006 /* CatchMeTests */,
				ED63E87D268A14E5000F058F /* Products */,
				2020FF0DCEB842A2ADB2317F /* Pods */,
				45BC39069B9E59892752ABEF /* Frameworks */,
			);
			sourceTree = "<group>";
		};
		ED63E87D268A14E5000F058F /* Products */ = {
			isa = PBXGroup;
			children = (
				ED63E87C268A14E5000F058F /* CatchMe.app */,
				EDF1AD25268C608E00606006 /* CatchMeTests.xctest */,
			);
			name = Products;
			sourceTree = "<group>";
		};
		ED63E87E268A14E5000F058F /* CatchMe */ = {
			isa = PBXGroup;
			children = (
				ED63E894268A1B3E000F058F /* Source */,
				ED63E893268A1B29000F058F /* Resource */,
			);
			path = CatchMe;
			sourceTree = "<group>";
		};
		ED63E893268A1B29000F058F /* Resource */ = {
			isa = PBXGroup;
			children = (
				ED63E88D268A14E7000F058F /* Info.plist */,
				ED63E888268A14E7000F058F /* Assets.xcassets */,
				EDBBFCE12693982600443077 /* Fonts */,
				ED63E89E268A1D78000F058F /* APIServices */,
				ED63E897268A1BC3000F058F /* Xibs */,
				ED63E896268A1BBB000F058F /* Storyboards */,
			);
			path = Resource;
			sourceTree = "<group>";
		};
		ED63E894268A1B3E000F058F /* Source */ = {
			isa = PBXGroup;
			children = (
				ED63E89B268A1C56000F058F /* Extensions */,
				ED63E89A268A1C54000F058F /* Models */,
				ED63E89D268A1CB9000F058F /* Components */,
				ED63E899268A1C4A000F058F /* Cells */,
				ED63E895268A1B98000F058F /* ViewControllers */,
				ED63E89C268A1C84000F058F /* Supports */,
			);
			path = Source;
			sourceTree = "<group>";
		};
		ED63E895268A1B98000F058F /* ViewControllers */ = {
			isa = PBXGroup;
			children = (
				EDD12C9D268EB71000DF766A /* MainVC.swift */,
				EDD12CA3268EB80300DF766A /* CharacterVC.swift */,
				5B447CF8269814BB00F79AB7 /* CharacterBottomSheetVC.swift */,
				5B447CC426956DDB00F79AB7 /* CharacterPopupVC.swift */,
				5B447CCA2695A52E00F79AB7 /* AddActionVC.swift */,
				EDD12CA7268EB84C00DF766A /* ReportVC.swift */,
				EDBDC7FE2694444300CDF1B2 /* ReportPopupVC.swift */,
				EDBDC8042694B70C00CDF1B2 /* AddCatchuVC.swift */,
				2BDC1AAF26942973008381C3 /* MainCardVC.swift */,
				2B164B482695A988007F0F4A /* SettingVC.swift */,
			);
			path = ViewControllers;
			sourceTree = "<group>";
		};
		ED63E896268A1BBB000F058F /* Storyboards */ = {
			isa = PBXGroup;
			children = (
				ED63E88A268A14E7000F058F /* LaunchScreen.storyboard */,
				EDD12C9B268EB6E900DF766A /* Main.storyboard */,
				EDD12CA1268EB7C700DF766A /* Character.storyboard */,
				EDD12CA5268EB82B00DF766A /* Report.storyboard */,
				2B164B4E2695AA77007F0F4A /* Setting.storyboard */,
			);
			path = Storyboards;
			sourceTree = "<group>";
		};
		ED63E897268A1BC3000F058F /* Xibs */ = {
			isa = PBXGroup;
			children = (
				2B164B582695DCD6007F0F4A /* Setting */,
				2BDC1AB8269467E9008381C3 /* MainCard */,
				2B3654E72691ACCD002C2C5C /* Main */,
			);
			path = Xibs;
			sourceTree = "<group>";
		};
		ED63E899268A1C4A000F058F /* Cells */ = {
			isa = PBXGroup;
			children = (
				2B164B4C2695A99F007F0F4A /* Setting */,
				EDB431B52695BA800008BFB4 /* AddCatchu */,
				2BDC1AB7269466AA008381C3 /* MainCard */,
				EDBBFCD026936F1D00443077 /* Report */,
				2B3654DE2691ABF6002C2C5C /* Main */,
				5B08506D2691DFB1008F40B2 /* Character */,
			);
			path = Cells;
			sourceTree = "<group>";
		};
		ED63E89A268A1C54000F058F /* Models */ = {
			isa = PBXGroup;
			children = (
				5B447CD226961D6400F79AB7 /* Character */,
			);
			path = Models;
			sourceTree = "<group>";
		};
		ED63E89B268A1C56000F058F /* Extensions */ = {
			isa = PBXGroup;
			children = (
				EDD12CA9268EBCA000DF766A /* UIView+Extension.swift */,
				EDD12CAB268EBD2200DF766A /* UIViewController+Extension.swift */,
				EDD12CAD268EBDE400DF766A /* UIScreen+Extension.swift */,
				EDD12CAF268EBE1600DF766A /* UITextField+Extension.swift */,
				EDD12CB1268EBE4E00DF766A /* UICollectionView+Extension.swift */,
				EDD12CB3268EBE6D00DF766A /* UITableView+Extension.swift */,
				EDBBFCD3269394EE00443077 /* UIColor+Extension.swift */,
				EDBBFCE22693996F00443077 /* UIFont+Extension.swift */,
			);
			path = Extensions;
			sourceTree = "<group>";
		};
		ED63E89C268A1C84000F058F /* Supports */ = {
			isa = PBXGroup;
			children = (
				ED63E881268A14E5000F058F /* SceneDelegate.swift */,
				ED63E87F268A14E5000F058F /* AppDelegate.swift */,
			);
			path = Supports;
			sourceTree = "<group>";
		};
		ED63E89D268A1CB9000F058F /* Components */ = {
			isa = PBXGroup;
			children = (
				EDBDC8062695814100CDF1B2 /* AddCatchu */,
				2B164B4D2695AA31007F0F4A /* Setting */,
				EDC3780A2691D393007C53F2 /* Report */,
				2B3654F22691DFD3002C2C5C /* Main */,
				5B08506E2691DFC4008F40B2 /* Character */,
				EDD12C92268EAD0400DF766A /* Shared */,
			);
			path = Components;
			sourceTree = "<group>";
		};
		ED63E89E268A1D78000F058F /* APIServices */ = {
			isa = PBXGroup;
			children = (
			);
			path = APIServices;
			sourceTree = "<group>";
		};
		EDB431B52695BA800008BFB4 /* AddCatchu */ = {
			isa = PBXGroup;
			children = (
				EDB431B62695BA9F0008BFB4 /* CarouselCVC.swift */,
			);
			path = AddCatchu;
			sourceTree = "<group>";
		};
		EDBBFCD026936F1D00443077 /* Report */ = {
			isa = PBXGroup;
			children = (
				EDBBFCD126936F4600443077 /* CalendarCVC.swift */,
				EDBDC802269456A800CDF1B2 /* CatchuCVC.swift */,
			);
			path = Report;
			sourceTree = "<group>";
		};
		EDBBFCE12693982600443077 /* Fonts */ = {
			isa = PBXGroup;
			children = (
				EDBBFCD92693981D00443077 /* DINPro-Medium.otf */,
				EDBBFCDA2693981D00443077 /* DINPro-Regular.otf */,
				EDBBFCD82693981D00443077 /* NanumSquareRoundOTFEB.otf */,
				EDBBFCD72693981D00443077 /* SpoqaHanSansNeo-Bold.otf */,
				EDBBFCD52693981C00443077 /* SpoqaHanSansNeo-Medium.otf */,
				EDBBFCD62693981C00443077 /* SpoqaHanSansNeo-Regular.otf */,
			);
			path = Fonts;
			sourceTree = "<group>";
		};
		EDBDC8062695814100CDF1B2 /* AddCatchu */ = {
			isa = PBXGroup;
			children = (
				EDBDC8072695816100CDF1B2 /* AddCatchuPageControl.swift */,
				EDBDC809269585F800CDF1B2 /* CatchuTitleView.swift */,
				EDB431B126958D1F0008BFB4 /* FirstFlowView.swift */,
				EDB431BA2695F9200008BFB4 /* SecondFlowView.swift */,
				EDB431BE2696325E0008BFB4 /* ThirdFlowView.swift */,
			);
			path = AddCatchu;
			sourceTree = "<group>";
		};
		EDC3780A2691D393007C53F2 /* Report */ = {
			isa = PBXGroup;
			children = (
				EDC3780B2691D3CC007C53F2 /* ReportView.swift */,
				EDBBFCCA26930C4600443077 /* TitleView.swift */,
				EDBBFCCC2693155F00443077 /* CharacterView.swift */,
				EDBBFCCE26934AC300443077 /* CalendarTitleView.swift */,
				EDBDC8002694481A00CDF1B2 /* PopupView.swift */,
			);
			path = Report;
			sourceTree = "<group>";
		};
		EDD12C92268EAD0400DF766A /* Shared */ = {
			isa = PBXGroup;
			children = (
				EDD12C93268EAD1F00DF766A /* BackButton.swift */,
				EDD12C95268EB16800DF766A /* XmarkButton.swift */,
				EDD12C97268EB27500DF766A /* BottomButton.swift */,
				EDB431BC269603210008BFB4 /* CustomTextField.swift */,
			);
			path = Shared;
			sourceTree = "<group>";
		};
		EDF1AD26268C608E00606006 /* CatchMeTests */ = {
			isa = PBXGroup;
			children = (
				EDF1AD27268C608E00606006 /* CatchMeTests.swift */,
				EDF1AD29268C608E00606006 /* Info.plist */,
			);
			path = CatchMeTests;
			sourceTree = "<group>";
		};
/* End PBXGroup section */

/* Begin PBXNativeTarget section */
		ED63E87B268A14E5000F058F /* CatchMe */ = {
			isa = PBXNativeTarget;
			buildConfigurationList = ED63E890268A14E7000F058F /* Build configuration list for PBXNativeTarget "CatchMe" */;
			buildPhases = (
				60394DBE5B097709199B67D7 /* [CP] Check Pods Manifest.lock */,
				ED63E878268A14E5000F058F /* Sources */,
				ED63E879268A14E5000F058F /* Frameworks */,
				ED63E87A268A14E5000F058F /* Resources */,
				0C4A7BBF311838598D711E79 /* [CP] Embed Pods Frameworks */,
			);
			buildRules = (
			);
			dependencies = (
			);
			name = CatchMe;
			productName = CatchMe;
			productReference = ED63E87C268A14E5000F058F /* CatchMe.app */;
			productType = "com.apple.product-type.application";
		};
		EDF1AD24268C608E00606006 /* CatchMeTests */ = {
			isa = PBXNativeTarget;
			buildConfigurationList = EDF1AD2E268C608E00606006 /* Build configuration list for PBXNativeTarget "CatchMeTests" */;
			buildPhases = (
				EDF1AD21268C608E00606006 /* Sources */,
				EDF1AD22268C608E00606006 /* Frameworks */,
				EDF1AD23268C608E00606006 /* Resources */,
			);
			buildRules = (
			);
			dependencies = (
				EDF1AD2B268C608E00606006 /* PBXTargetDependency */,
			);
			name = CatchMeTests;
			productName = CatchMeTests;
			productReference = EDF1AD25268C608E00606006 /* CatchMeTests.xctest */;
			productType = "com.apple.product-type.bundle.unit-test";
		};
/* End PBXNativeTarget section */

/* Begin PBXProject section */
		ED63E874268A14E5000F058F /* Project object */ = {
			isa = PBXProject;
			attributes = {
				LastSwiftUpdateCheck = 1250;
				LastUpgradeCheck = 1250;
				TargetAttributes = {
					ED63E87B268A14E5000F058F = {
						CreatedOnToolsVersion = 12.5.1;
					};
					EDF1AD24268C608E00606006 = {
						CreatedOnToolsVersion = 12.5.1;
						TestTargetID = ED63E87B268A14E5000F058F;
					};
				};
			};
			buildConfigurationList = ED63E877268A14E5000F058F /* Build configuration list for PBXProject "CatchMe" */;
			compatibilityVersion = "Xcode 9.3";
			developmentRegion = en;
			hasScannedForEncodings = 0;
			knownRegions = (
				en,
				Base,
			);
			mainGroup = ED63E873268A14E5000F058F;
			productRefGroup = ED63E87D268A14E5000F058F /* Products */;
			projectDirPath = "";
			projectRoot = "";
			targets = (
				ED63E87B268A14E5000F058F /* CatchMe */,
				EDF1AD24268C608E00606006 /* CatchMeTests */,
			);
		};
/* End PBXProject section */

/* Begin PBXResourcesBuildPhase section */
		ED63E87A268A14E5000F058F /* Resources */ = {
			isa = PBXResourcesBuildPhase;
			buildActionMask = 2147483647;
			files = (
				EDBBFCE02693981D00443077 /* DINPro-Regular.otf in Resources */,
				2BDC1ABC26946882008381C3 /* MainCardCVC.xib in Resources */,
				EDD12CA2268EB7C700DF766A /* Character.storyboard in Resources */,
				EDD12C9C268EB6E900DF766A /* Main.storyboard in Resources */,
				EDBBFCDB2693981D00443077 /* SpoqaHanSansNeo-Medium.otf in Resources */,
				EDBBFCDC2693981D00443077 /* SpoqaHanSansNeo-Regular.otf in Resources */,
				EDBBFCDE2693981D00443077 /* NanumSquareRoundOTFEB.otf in Resources */,
				2B3654E22691ACBC002C2C5C /* CharacterCVC.xib in Resources */,
				ED63E88C268A14E7000F058F /* LaunchScreen.storyboard in Resources */,
				2B164B552695DCC9007F0F4A /* SettingTVC.xib in Resources */,
				2B164B4F2695AA77007F0F4A /* Setting.storyboard in Resources */,
				EDBBFCDD2693981D00443077 /* SpoqaHanSansNeo-Bold.otf in Resources */,
				EDBBFCDF2693981D00443077 /* DINPro-Medium.otf in Resources */,
				ED63E889268A14E7000F058F /* Assets.xcassets in Resources */,
				EDD12CA6268EB82B00DF766A /* Report.storyboard in Resources */,
			);
			runOnlyForDeploymentPostprocessing = 0;
		};
		EDF1AD23268C608E00606006 /* Resources */ = {
			isa = PBXResourcesBuildPhase;
			buildActionMask = 2147483647;
			files = (
			);
			runOnlyForDeploymentPostprocessing = 0;
		};
/* End PBXResourcesBuildPhase section */

/* Begin PBXShellScriptBuildPhase section */
		0C4A7BBF311838598D711E79 /* [CP] Embed Pods Frameworks */ = {
			isa = PBXShellScriptBuildPhase;
			buildActionMask = 2147483647;
			files = (
			);
			inputFileListPaths = (
				"${PODS_ROOT}/Target Support Files/Pods-CatchMe/Pods-CatchMe-frameworks-${CONFIGURATION}-input-files.xcfilelist",
			);
			name = "[CP] Embed Pods Frameworks";
			outputFileListPaths = (
				"${PODS_ROOT}/Target Support Files/Pods-CatchMe/Pods-CatchMe-frameworks-${CONFIGURATION}-output-files.xcfilelist",
			);
			runOnlyForDeploymentPostprocessing = 0;
			shellPath = /bin/sh;
			shellScript = "\"${PODS_ROOT}/Target Support Files/Pods-CatchMe/Pods-CatchMe-frameworks.sh\"\n";
			showEnvVarsInLog = 0;
		};
		60394DBE5B097709199B67D7 /* [CP] Check Pods Manifest.lock */ = {
			isa = PBXShellScriptBuildPhase;
			buildActionMask = 2147483647;
			files = (
			);
			inputFileListPaths = (
			);
			inputPaths = (
				"${PODS_PODFILE_DIR_PATH}/Podfile.lock",
				"${PODS_ROOT}/Manifest.lock",
			);
			name = "[CP] Check Pods Manifest.lock";
			outputFileListPaths = (
			);
			outputPaths = (
				"$(DERIVED_FILE_DIR)/Pods-CatchMe-checkManifestLockResult.txt",
			);
			runOnlyForDeploymentPostprocessing = 0;
			shellPath = /bin/sh;
			shellScript = "diff \"${PODS_PODFILE_DIR_PATH}/Podfile.lock\" \"${PODS_ROOT}/Manifest.lock\" > /dev/null\nif [ $? != 0 ] ; then\n    # print error to STDERR\n    echo \"error: The sandbox is not in sync with the Podfile.lock. Run 'pod install' or update your CocoaPods installation.\" >&2\n    exit 1\nfi\n# This output is used by Xcode 'outputs' to avoid re-running this script phase.\necho \"SUCCESS\" > \"${SCRIPT_OUTPUT_FILE_0}\"\n";
			showEnvVarsInLog = 0;
		};
/* End PBXShellScriptBuildPhase section */

/* Begin PBXSourcesBuildPhase section */
		ED63E878268A14E5000F058F /* Sources */ = {
			isa = PBXSourcesBuildPhase;
			buildActionMask = 2147483647;
			files = (
				EDD12C98268EB27500DF766A /* BottomButton.swift in Sources */,
				2B164B492695A988007F0F4A /* SettingVC.swift in Sources */,
				EDBBFCCF26934AC300443077 /* CalendarTitleView.swift in Sources */,
				EDBDC8052694B70C00CDF1B2 /* AddCatchuVC.swift in Sources */,
				5B0850642691A1A4008F40B2 /* CharacterHeaderView.swift in Sources */,
				EDD12C9E268EB71000DF766A /* MainVC.swift in Sources */,
				EDB431B72695BA9F0008BFB4 /* CarouselCVC.swift in Sources */,
				EDB431B226958D1F0008BFB4 /* FirstFlowView.swift in Sources */,
				EDB431BD269603210008BFB4 /* CustomTextField.swift in Sources */,
				EDD12C96268EB16800DF766A /* XmarkButton.swift in Sources */,
				2BDC1AB026942973008381C3 /* MainCardVC.swift in Sources */,
				EDBBFCCD2693155F00443077 /* CharacterView.swift in Sources */,
				5B447CDE2697036C00F79AB7 /* CharacterFirstTVC.swift in Sources */,
				5B447CCB2695A52F00F79AB7 /* AddActionVC.swift in Sources */,
				5B0850682691A659008F40B2 /* CharacterReportTVC.swift in Sources */,
				EDBDC8082695816100CDF1B2 /* AddCatchuPageControl.swift in Sources */,
				EDBBFCD4269394EE00443077 /* UIColor+Extension.swift in Sources */,
				EDD12CAE268EBDE400DF766A /* UIScreen+Extension.swift in Sources */,
				EDD12CAA268EBCA000DF766A /* UIView+Extension.swift in Sources */,
				5B447CF9269814BC00F79AB7 /* CharacterBottomSheetVC.swift in Sources */,
				5B08504D26919416008F40B2 /* NavigationBar.swift in Sources */,
				EDD12C94268EAD1F00DF766A /* BackButton.swift in Sources */,
				2B3654EF2691D6D9002C2C5C /* mainReportView.swift in Sources */,
				5B08505C26919C0B008F40B2 /* CharacterUpperView.swift in Sources */,
				EDD12CB2268EBE4E00DF766A /* UICollectionView+Extension.swift in Sources */,
				EDBBFCD226936F4600443077 /* CalendarCVC.swift in Sources */,
				EDB431BF2696325E0008BFB4 /* ThirdFlowView.swift in Sources */,
				ED63E880268A14E5000F058F /* AppDelegate.swift in Sources */,
				EDC3780C2691D3CC007C53F2 /* ReportView.swift in Sources */,
				EDD12CA4268EB80300DF766A /* CharacterVC.swift in Sources */,
				EDD12CB4268EBE6D00DF766A /* UITableView+Extension.swift in Sources */,
				5B0850602691A126008F40B2 /* CharacterTVC.swift in Sources */,
				5B447CEF2697146800F79AB7 /* CharacterFooterView.swift in Sources */,
				EDBBFCE32693996F00443077 /* UIFont+Extension.swift in Sources */,
				EDBDC80A269585F800CDF1B2 /* CatchuTitleView.swift in Sources */,
				EDBDC803269456A800CDF1B2 /* CatchuCVC.swift in Sources */,
				2B164B542695DCC9007F0F4A /* SettingTVC.swift in Sources */,
				2B3654EB2691C4D7002C2C5C /* PageControl.swift in Sources */,
				EDB431BB2695F9200008BFB4 /* SecondFlowView.swift in Sources */,
				EDD12CA8268EB84C00DF766A /* ReportVC.swift in Sources */,
				EDBBFCCB26930C4600443077 /* TitleView.swift in Sources */,
				EDD12CB0268EBE1600DF766A /* UITextField+Extension.swift in Sources */,
				5B447CDA269628D900F79AB7 /* Activity.swift in Sources */,
				5B447CBD2694D3D100F79AB7 /* CharacterPopupView.swift in Sources */,
				EDD12CAC268EBD2200DF766A /* UIViewController+Extension.swift in Sources */,
				2B3654E12691ACBC002C2C5C /* CharacterCVC.swift in Sources */,
				2BDC1ABB26946882008381C3 /* MainCardCVC.swift in Sources */,
				EDBDC7FF2694444300CDF1B2 /* ReportPopupVC.swift in Sources */,
				EDBDC8012694481A00CDF1B2 /* PopupView.swift in Sources */,
				5B447CC526956DDB00F79AB7 /* CharacterPopupVC.swift in Sources */,
				5B447CB7269426AB00F79AB7 /* MoreMenuView.swift in Sources */,
				ED63E882268A14E5000F058F /* SceneDelegate.swift in Sources */,
			);
			runOnlyForDeploymentPostprocessing = 0;
		};
		EDF1AD21268C608E00606006 /* Sources */ = {
			isa = PBXSourcesBuildPhase;
			buildActionMask = 2147483647;
			files = (
				EDF1AD28268C608E00606006 /* CatchMeTests.swift in Sources */,
			);
			runOnlyForDeploymentPostprocessing = 0;
		};
/* End PBXSourcesBuildPhase section */

/* Begin PBXTargetDependency section */
		EDF1AD2B268C608E00606006 /* PBXTargetDependency */ = {
			isa = PBXTargetDependency;
			target = ED63E87B268A14E5000F058F /* CatchMe */;
			targetProxy = EDF1AD2A268C608E00606006 /* PBXContainerItemProxy */;
		};
/* End PBXTargetDependency section */

/* Begin PBXVariantGroup section */
		ED63E88A268A14E7000F058F /* LaunchScreen.storyboard */ = {
			isa = PBXVariantGroup;
			children = (
				ED63E88B268A14E7000F058F /* Base */,
			);
			name = LaunchScreen.storyboard;
			sourceTree = "<group>";
		};
/* End PBXVariantGroup section */

/* Begin XCBuildConfiguration section */
		ED63E88E268A14E7000F058F /* Debug */ = {
			isa = XCBuildConfiguration;
			buildSettings = {
				ALWAYS_SEARCH_USER_PATHS = NO;
				CLANG_ANALYZER_NONNULL = YES;
				CLANG_ANALYZER_NUMBER_OBJECT_CONVERSION = YES_AGGRESSIVE;
				CLANG_CXX_LANGUAGE_STANDARD = "gnu++14";
				CLANG_CXX_LIBRARY = "libc++";
				CLANG_ENABLE_MODULES = YES;
				CLANG_ENABLE_OBJC_ARC = YES;
				CLANG_ENABLE_OBJC_WEAK = YES;
				CLANG_WARN_BLOCK_CAPTURE_AUTORELEASING = YES;
				CLANG_WARN_BOOL_CONVERSION = YES;
				CLANG_WARN_COMMA = YES;
				CLANG_WARN_CONSTANT_CONVERSION = YES;
				CLANG_WARN_DEPRECATED_OBJC_IMPLEMENTATIONS = YES;
				CLANG_WARN_DIRECT_OBJC_ISA_USAGE = YES_ERROR;
				CLANG_WARN_DOCUMENTATION_COMMENTS = YES;
				CLANG_WARN_EMPTY_BODY = YES;
				CLANG_WARN_ENUM_CONVERSION = YES;
				CLANG_WARN_INFINITE_RECURSION = YES;
				CLANG_WARN_INT_CONVERSION = YES;
				CLANG_WARN_NON_LITERAL_NULL_CONVERSION = YES;
				CLANG_WARN_OBJC_IMPLICIT_RETAIN_SELF = YES;
				CLANG_WARN_OBJC_LITERAL_CONVERSION = YES;
				CLANG_WARN_OBJC_ROOT_CLASS = YES_ERROR;
				CLANG_WARN_QUOTED_INCLUDE_IN_FRAMEWORK_HEADER = YES;
				CLANG_WARN_RANGE_LOOP_ANALYSIS = YES;
				CLANG_WARN_STRICT_PROTOTYPES = YES;
				CLANG_WARN_SUSPICIOUS_MOVE = YES;
				CLANG_WARN_UNGUARDED_AVAILABILITY = YES_AGGRESSIVE;
				CLANG_WARN_UNREACHABLE_CODE = YES;
				CLANG_WARN__DUPLICATE_METHOD_MATCH = YES;
				COPY_PHASE_STRIP = NO;
				DEBUG_INFORMATION_FORMAT = dwarf;
				ENABLE_STRICT_OBJC_MSGSEND = YES;
				ENABLE_TESTABILITY = YES;
				GCC_C_LANGUAGE_STANDARD = gnu11;
				GCC_DYNAMIC_NO_PIC = NO;
				GCC_NO_COMMON_BLOCKS = YES;
				GCC_OPTIMIZATION_LEVEL = 0;
				GCC_PREPROCESSOR_DEFINITIONS = (
					"DEBUG=1",
					"$(inherited)",
				);
				GCC_WARN_64_TO_32_BIT_CONVERSION = YES;
				GCC_WARN_ABOUT_RETURN_TYPE = YES_ERROR;
				GCC_WARN_UNDECLARED_SELECTOR = YES;
				GCC_WARN_UNINITIALIZED_AUTOS = YES_AGGRESSIVE;
				GCC_WARN_UNUSED_FUNCTION = YES;
				GCC_WARN_UNUSED_VARIABLE = YES;
				IPHONEOS_DEPLOYMENT_TARGET = 14.4;
				MTL_ENABLE_DEBUG_INFO = INCLUDE_SOURCE;
				MTL_FAST_MATH = YES;
				ONLY_ACTIVE_ARCH = YES;
				SDKROOT = iphoneos;
				SWIFT_ACTIVE_COMPILATION_CONDITIONS = DEBUG;
				SWIFT_OPTIMIZATION_LEVEL = "-Onone";
			};
			name = Debug;
		};
		ED63E88F268A14E7000F058F /* Release */ = {
			isa = XCBuildConfiguration;
			buildSettings = {
				ALWAYS_SEARCH_USER_PATHS = NO;
				CLANG_ANALYZER_NONNULL = YES;
				CLANG_ANALYZER_NUMBER_OBJECT_CONVERSION = YES_AGGRESSIVE;
				CLANG_CXX_LANGUAGE_STANDARD = "gnu++14";
				CLANG_CXX_LIBRARY = "libc++";
				CLANG_ENABLE_MODULES = YES;
				CLANG_ENABLE_OBJC_ARC = YES;
				CLANG_ENABLE_OBJC_WEAK = YES;
				CLANG_WARN_BLOCK_CAPTURE_AUTORELEASING = YES;
				CLANG_WARN_BOOL_CONVERSION = YES;
				CLANG_WARN_COMMA = YES;
				CLANG_WARN_CONSTANT_CONVERSION = YES;
				CLANG_WARN_DEPRECATED_OBJC_IMPLEMENTATIONS = YES;
				CLANG_WARN_DIRECT_OBJC_ISA_USAGE = YES_ERROR;
				CLANG_WARN_DOCUMENTATION_COMMENTS = YES;
				CLANG_WARN_EMPTY_BODY = YES;
				CLANG_WARN_ENUM_CONVERSION = YES;
				CLANG_WARN_INFINITE_RECURSION = YES;
				CLANG_WARN_INT_CONVERSION = YES;
				CLANG_WARN_NON_LITERAL_NULL_CONVERSION = YES;
				CLANG_WARN_OBJC_IMPLICIT_RETAIN_SELF = YES;
				CLANG_WARN_OBJC_LITERAL_CONVERSION = YES;
				CLANG_WARN_OBJC_ROOT_CLASS = YES_ERROR;
				CLANG_WARN_QUOTED_INCLUDE_IN_FRAMEWORK_HEADER = YES;
				CLANG_WARN_RANGE_LOOP_ANALYSIS = YES;
				CLANG_WARN_STRICT_PROTOTYPES = YES;
				CLANG_WARN_SUSPICIOUS_MOVE = YES;
				CLANG_WARN_UNGUARDED_AVAILABILITY = YES_AGGRESSIVE;
				CLANG_WARN_UNREACHABLE_CODE = YES;
				CLANG_WARN__DUPLICATE_METHOD_MATCH = YES;
				COPY_PHASE_STRIP = NO;
				DEBUG_INFORMATION_FORMAT = "dwarf-with-dsym";
				ENABLE_NS_ASSERTIONS = NO;
				ENABLE_STRICT_OBJC_MSGSEND = YES;
				GCC_C_LANGUAGE_STANDARD = gnu11;
				GCC_NO_COMMON_BLOCKS = YES;
				GCC_WARN_64_TO_32_BIT_CONVERSION = YES;
				GCC_WARN_ABOUT_RETURN_TYPE = YES_ERROR;
				GCC_WARN_UNDECLARED_SELECTOR = YES;
				GCC_WARN_UNINITIALIZED_AUTOS = YES_AGGRESSIVE;
				GCC_WARN_UNUSED_FUNCTION = YES;
				GCC_WARN_UNUSED_VARIABLE = YES;
				IPHONEOS_DEPLOYMENT_TARGET = 14.4;
				MTL_ENABLE_DEBUG_INFO = NO;
				MTL_FAST_MATH = YES;
				SDKROOT = iphoneos;
				SWIFT_COMPILATION_MODE = wholemodule;
				SWIFT_OPTIMIZATION_LEVEL = "-O";
				VALIDATE_PRODUCT = YES;
			};
			name = Release;
		};
		ED63E891268A14E7000F058F /* Debug */ = {
			isa = XCBuildConfiguration;
			baseConfigurationReference = FA81EEA78BCF660FE64D2B45 /* Pods-CatchMe.debug.xcconfig */;
			buildSettings = {
				ASSETCATALOG_COMPILER_APPICON_NAME = AppIcon;
				ASSETCATALOG_COMPILER_GLOBAL_ACCENT_COLOR_NAME = AccentColor;
				CODE_SIGN_STYLE = Automatic;
				INFOPLIST_FILE = CatchMe/Resource/Info.plist;
				LD_RUNPATH_SEARCH_PATHS = (
					"$(inherited)",
					"@executable_path/Frameworks",
				);
				PRODUCT_BUNDLE_IDENTIFIER = com.tiekle.CatchMe;
				PRODUCT_NAME = "$(TARGET_NAME)";
				SWIFT_VERSION = 5.0;
				TARGETED_DEVICE_FAMILY = "1,2";
			};
			name = Debug;
		};
		ED63E892268A14E7000F058F /* Release */ = {
			isa = XCBuildConfiguration;
			baseConfigurationReference = 25682843B06F2C59630B0964 /* Pods-CatchMe.release.xcconfig */;
			buildSettings = {
				ASSETCATALOG_COMPILER_APPICON_NAME = AppIcon;
				ASSETCATALOG_COMPILER_GLOBAL_ACCENT_COLOR_NAME = AccentColor;
				CODE_SIGN_STYLE = Automatic;
				INFOPLIST_FILE = CatchMe/Resource/Info.plist;
				LD_RUNPATH_SEARCH_PATHS = (
					"$(inherited)",
					"@executable_path/Frameworks",
				);
				PRODUCT_BUNDLE_IDENTIFIER = com.tiekle.CatchMe;
				PRODUCT_NAME = "$(TARGET_NAME)";
				SWIFT_VERSION = 5.0;
				TARGETED_DEVICE_FAMILY = "1,2";
			};
			name = Release;
		};
		EDF1AD2C268C608E00606006 /* Debug */ = {
			isa = XCBuildConfiguration;
			buildSettings = {
				BUNDLE_LOADER = "$(TEST_HOST)";
				CODE_SIGN_STYLE = Automatic;
				INFOPLIST_FILE = CatchMeTests/Info.plist;
				IPHONEOS_DEPLOYMENT_TARGET = 14.4;
				LD_RUNPATH_SEARCH_PATHS = (
					"$(inherited)",
					"@executable_path/Frameworks",
					"@loader_path/Frameworks",
				);
				PRODUCT_BUNDLE_IDENTIFIER = com.tiekle.CatchMeTests;
				PRODUCT_NAME = "$(TARGET_NAME)";
				SWIFT_VERSION = 5.0;
				TARGETED_DEVICE_FAMILY = "1,2";
				TEST_HOST = "$(BUILT_PRODUCTS_DIR)/CatchMe.app/CatchMe";
			};
			name = Debug;
		};
		EDF1AD2D268C608E00606006 /* Release */ = {
			isa = XCBuildConfiguration;
			buildSettings = {
				BUNDLE_LOADER = "$(TEST_HOST)";
				CODE_SIGN_STYLE = Automatic;
				INFOPLIST_FILE = CatchMeTests/Info.plist;
				IPHONEOS_DEPLOYMENT_TARGET = 14.4;
				LD_RUNPATH_SEARCH_PATHS = (
					"$(inherited)",
					"@executable_path/Frameworks",
					"@loader_path/Frameworks",
				);
				PRODUCT_BUNDLE_IDENTIFIER = com.tiekle.CatchMeTests;
				PRODUCT_NAME = "$(TARGET_NAME)";
				SWIFT_VERSION = 5.0;
				TARGETED_DEVICE_FAMILY = "1,2";
				TEST_HOST = "$(BUILT_PRODUCTS_DIR)/CatchMe.app/CatchMe";
			};
			name = Release;
		};
/* End XCBuildConfiguration section */

/* Begin XCConfigurationList section */
		ED63E877268A14E5000F058F /* Build configuration list for PBXProject "CatchMe" */ = {
			isa = XCConfigurationList;
			buildConfigurations = (
				ED63E88E268A14E7000F058F /* Debug */,
				ED63E88F268A14E7000F058F /* Release */,
			);
			defaultConfigurationIsVisible = 0;
			defaultConfigurationName = Release;
		};
		ED63E890268A14E7000F058F /* Build configuration list for PBXNativeTarget "CatchMe" */ = {
			isa = XCConfigurationList;
			buildConfigurations = (
				ED63E891268A14E7000F058F /* Debug */,
				ED63E892268A14E7000F058F /* Release */,
			);
			defaultConfigurationIsVisible = 0;
			defaultConfigurationName = Release;
		};
		EDF1AD2E268C608E00606006 /* Build configuration list for PBXNativeTarget "CatchMeTests" */ = {
			isa = XCConfigurationList;
			buildConfigurations = (
				EDF1AD2C268C608E00606006 /* Debug */,
				EDF1AD2D268C608E00606006 /* Release */,
			);
			defaultConfigurationIsVisible = 0;
			defaultConfigurationName = Release;
		};
/* End XCConfigurationList section */
	};
	rootObject = ED63E874268A14E5000F058F /* Project object */;
}
